
Microsoft Visual Studio Solution File, Format Version 12.00
# Visual Studio Version 16
VisualStudioVersion = 16.0.32802.440
MinimumVisualStudioVersion = 10.0.40219.1
Project("{9092AA53-FB77-4645-B42D-1CCCA6BD08BD}") = "WebDriverIO", "WebDriverIO.njsproj", "{6EA62DA1-87B5-48C2-A292-C5F32305B328}"
EndProject
Global
	GlobalSection(SolutionConfigurationPlatforms) = preSolution
		Debug|Any CPU = Debug|Any CPU
		Release|Any CPU = Release|Any CPU
	EndGlobalSection
	GlobalSection(ProjectConfigurationPlatforms) = postSolution
		{6EA62DA1-87B5-48C2-A292-C5F32305B328}.Debug|Any CPU.ActiveCfg = Debug|Any CPU
		{6EA62DA1-87B5-48C2-A292-C5F32305B328}.Debug|Any CPU.Build.0 = Debug|Any CPU
		{6EA62DA1-87B5-48C2-A292-C5F32305B328}.Release|Any CPU.ActiveCfg = Release|Any CPU
		{6EA62DA1-87B5-48C2-A292-C5F32305B328}.Release|Any CPU.Build.0 = Release|Any CPU
	EndGlobalSection
	GlobalSection(SolutionProperties) = preSolution
		HideSolutionNode = FALSE
	EndGlobalSection
	GlobalSection(ExtensibilityGlobals) = postSolution
		SolutionGuid = {12377776-78ED-4B04-BEBA-2FE9DE32BFD7}
	EndGlobalSection
EndGlobal
